{
  "name": "runme",
  "lockfileVersion": 2,
  "requires": true,
  "packages": {
    "": {
      "dependencies": {
        "@bufbuild/protobuf": "^1.0.0",
        "@bufbuild/protoc-gen-es": "^1.0.0"
      }
    },
    "node_modules/@bufbuild/protobuf": {
      "version": "1.0.0",
      "resolved": "https://registry.npmjs.org/@bufbuild/protobuf/-/protobuf-1.0.0.tgz",
      "integrity": "sha512-oH3jHBrZ6to8Qf4zLg7O8KqSY42kQZNBRXJRMp5uSi0mqE4L8NbyMnZHeOsbXmTb0xpptRyH11LfS+KeVhXzAA=="
    },
    "node_modules/@bufbuild/protoc-gen-es": {
      "version": "1.0.0",
      "resolved": "https://registry.npmjs.org/@bufbuild/protoc-gen-es/-/protoc-gen-es-1.0.0.tgz",
      "integrity": "sha512-3NZzjw2hbeO7JFUZ70W4UOkaMyOC6hJfJP4uDczyWWTXoCr2TPDfPyLE2U8DBpKufneLS1YBhFJPPv4QvJkiPA==",
      "dependencies": {
        "@bufbuild/protoplugin": "1.0.0"
      },
      "bin": {
        "protoc-gen-es": "bin/protoc-gen-es"
      },
      "engines": {
        "node": ">=14"
      },
      "peerDependencies": {
        "@bufbuild/protobuf": "1.0.0"
      },
      "peerDependenciesMeta": {
        "@bufbuild/protobuf": {
          "optional": true
        }
      }
    },
    "node_modules/@bufbuild/protoplugin": {
      "version": "1.0.0",
      "resolved": "https://registry.npmjs.org/@bufbuild/protoplugin/-/protoplugin-1.0.0.tgz",
      "integrity": "sha512-L7z2/4MgP36QGEAh8T4OYrdMRv//LAw4gGpL8D3cziE21uP6FLzLKpIxJ4aJBoUyHyS53tpZMpb0djbxYDecFA==",
      "dependencies": {
        "@bufbuild/protobuf": "1.0.0",
        "@typescript/vfs": "^1.4.0",
        "typescript": "4.5.2"
      }
    },
    "node_modules/@typescript/vfs": {
      "version": "1.4.0",
      "resolved": "https://registry.npmjs.org/@typescript/vfs/-/vfs-1.4.0.tgz",
      "integrity": "sha512-Pood7yv5YWMIX+yCHo176OnF8WUlKGImFG7XlsuH14Zb1YN5+dYD3uUtS7lqZtsH7tAveNUi2NzdpQCN0yRbaw==",
      "dependencies": {
        "debug": "^4.1.1"
      }
    },
    "node_modules/debug": {
      "version": "4.3.4",
      "resolved": "https://registry.npmjs.org/debug/-/debug-4.3.4.tgz",
      "integrity": "sha512-PRWFHuSU3eDtQJPvnNY7Jcket1j0t5OuOsFzPPzsekD52Zl8qUfFIPEiswXqIvHWGVHOgX+7G/vCNNhehwxfkQ==",
      "dependencies": {
        "ms": "2.1.2"
      },
      "engines": {
        "node": ">=6.0"
      },
      "peerDependenciesMeta": {
        "supports-color": {
          "optional": true
        }
      }
    },
    "node_modules/ms": {
      "version": "2.1.2",
      "resolved": "https://registry.npmjs.org/ms/-/ms-2.1.2.tgz",
      "integrity": "sha512-sGkPx+VjMtmA6MX27oA4FBFELFCZZ4S4XqeGOXCv68tT+jb3vk/RyaKWP0PTKyWtmLSM0b+adUTEvbs1PEaH2w=="
    },
    "node_modules/typescript": {
      "version": "4.5.2",
      "resolved": "https://registry.npmjs.org/typescript/-/typescript-4.5.2.tgz",
      "integrity": "sha512-5BlMof9H1yGt0P8/WF+wPNw6GfctgGjXp5hkblpyT+8rkASSmkUKMXrxR0Xg8ThVCi/JnHQiKXeBaEwCeQwMFw==",
      "bin": {
        "tsc": "bin/tsc",
        "tsserver": "bin/tsserver"
      },
      "engines": {
        "node": ">=4.2.0"
      }
    }
  },
  "dependencies": {
    "@bufbuild/protobuf": {
      "version": "1.0.0",
      "resolved": "https://registry.npmjs.org/@bufbuild/protobuf/-/protobuf-1.0.0.tgz",
      "integrity": "sha512-oH3jHBrZ6to8Qf4zLg7O8KqSY42kQZNBRXJRMp5uSi0mqE4L8NbyMnZHeOsbXmTb0xpptRyH11LfS+KeVhXzAA=="
    },
    "@bufbuild/protoc-gen-es": {
      "version": "1.0.0",
      "resolved": "https://registry.npmjs.org/@bufbuild/protoc-gen-es/-/protoc-gen-es-1.0.0.tgz",
      "integrity": "sha512-3NZzjw2hbeO7JFUZ70W4UOkaMyOC6hJfJP4uDczyWWTXoCr2TPDfPyLE2U8DBpKufneLS1YBhFJPPv4QvJkiPA==",
      "requires": {
        "@bufbuild/protoplugin": "1.0.0"
      }
    },
    "@bufbuild/protoplugin": {
      "version": "1.0.0",
      "resolved": "https://registry.npmjs.org/@bufbuild/protoplugin/-/protoplugin-1.0.0.tgz",
      "integrity": "sha512-L7z2/4MgP36QGEAh8T4OYrdMRv//LAw4gGpL8D3cziE21uP6FLzLKpIxJ4aJBoUyHyS53tpZMpb0djbxYDecFA==",
      "requires": {
        "@bufbuild/protobuf": "1.0.0",
        "@typescript/vfs": "^1.4.0",
        "typescript": "4.5.2"
      }
    },
    "@typescript/vfs": {
      "version": "1.4.0",
      "resolved": "https://registry.npmjs.org/@typescript/vfs/-/vfs-1.4.0.tgz",
      "integrity": "sha512-Pood7yv5YWMIX+yCHo176OnF8WUlKGImFG7XlsuH14Zb1YN5+dYD3uUtS7lqZtsH7tAveNUi2NzdpQCN0yRbaw==",
      "requires": {
        "debug": "^4.1.1"
      }
    },
    "debug": {
      "version": "4.3.4",
      "resolved": "https://registry.npmjs.org/debug/-/debug-4.3.4.tgz",
      "integrity": "sha512-PRWFHuSU3eDtQJPvnNY7Jcket1j0t5OuOsFzPPzsekD52Zl8qUfFIPEiswXqIvHWGVHOgX+7G/vCNNhehwxfkQ==",
      "requires": {
        "ms": "2.1.2"
      }
    },
    "ms": {
      "version": "2.1.2",
      "resolved": "https://registry.npmjs.org/ms/-/ms-2.1.2.tgz",
      "integrity": "sha512-sGkPx+VjMtmA6MX27oA4FBFELFCZZ4S4XqeGOXCv68tT+jb3vk/RyaKWP0PTKyWtmLSM0b+adUTEvbs1PEaH2w=="
    },
    "typescript": {
      "version": "4.5.2",
      "resolved": "https://registry.npmjs.org/typescript/-/typescript-4.5.2.tgz",
      "integrity": "sha512-5BlMof9H1yGt0P8/WF+wPNw6GfctgGjXp5hkblpyT+8rkASSmkUKMXrxR0Xg8ThVCi/JnHQiKXeBaEwCeQwMFw=="
    }
  }
}
