# Generated by buf. DO NOT EDIT.
version: v1
deps:
  - remote: buf.build
    owner: bufbuild
    repository: protovalidate
    commit: 3014d81c3a48461dbcc5b57536699f9e
    digest: shake256:6b40454a0754bf624c8fc965f3576bd26bf72a480c554514672d2fac887f420c82d68cf50d40f5a77d8b6e96dda87e395aeedae84d513dde7c4bfd4d95f5657a
